
Microsoft Visual Studio Solution File, Format Version 12.00
# Visual Studio Version 16
VisualStudioVersion = 16.0.32126.315
MinimumVisualStudioVersion = 10.0.40219.1
Project("{9A19103F-16F7-4668-BE54-9A1E7A4F7556}") = "OkimotiChatApplication", "OkimotiChatApplication\OkimotiChatApplication.csproj", "{8605EAB6-4CFC-419E-8700-A00DE5D8175F}"
EndProject
Global
	GlobalSection(SolutionConfigurationPlatforms) = preSolution
		Debug|Any CPU = Debug|Any CPU
		Release|Any CPU = Release|Any CPU
	EndGlobalSection
	GlobalSection(ProjectConfigurationPlatforms) = postSolution
		{8605EAB6-4CFC-419E-8700-A00DE5D8175F}.Debug|Any CPU.ActiveCfg = Debug|Any CPU
		{8605EAB6-4CFC-419E-8700-A00DE5D8175F}.Debug|Any CPU.Build.0 = Debug|Any CPU
		{8605EAB6-4CFC-419E-8700-A00DE5D8175F}.Release|Any CPU.ActiveCfg = Release|Any CPU
		{8605EAB6-4CFC-419E-8700-A00DE5D8175F}.Release|Any CPU.Build.0 = Release|Any CPU
	EndGlobalSection
	GlobalSection(SolutionProperties) = preSolution
		HideSolutionNode = FALSE
	EndGlobalSection
	GlobalSection(ExtensibilityGlobals) = postSolution
		SolutionGuid = {F861F38B-B607-4A11-A6B8-38693804C1CC}
	EndGlobalSection
EndGlobal
